
Microsoft Visual Studio Solution File, Format Version 12.00
# Visual Studio Version 17
VisualStudioVersion = 17.6.33723.286
MinimumVisualStudioVersion = 10.0.40219.1
Project("{9A19103F-16F7-4668-BE54-9A1E7A4F7556}") = "chattingApp", "chattingApp\chattingApp.csproj", "{90278BBB-1B43-425E-B90D-037FC1EBEE2A}"
EndProject
Project("{9A19103F-16F7-4668-BE54-9A1E7A4F7556}") = "chattingLib", "..\chattingLib\chattingLib\chattingLib.csproj", "{C39892AC-95FB-42BC-A09D-BD136DCD0A8C}"
EndProject
Project("{9A19103F-16F7-4668-BE54-9A1E7A4F7556}") = "chatServer", "..\chatServer\chatServer\chatServer.csproj", "{DD582464-D598-4BDA-9F9F-57AA0395F633}"
EndProject
Global
	GlobalSection(SolutionConfigurationPlatforms) = preSolution
		Debug|Any CPU = Debug|Any CPU
		Release|Any CPU = Release|Any CPU
	EndGlobalSection
	GlobalSection(ProjectConfigurationPlatforms) = postSolution
		{90278BBB-1B43-425E-B90D-037FC1EBEE2A}.Debug|Any CPU.ActiveCfg = Debug|Any CPU
		{90278BBB-1B43-425E-B90D-037FC1EBEE2A}.Debug|Any CPU.Build.0 = Debug|Any CPU
		{90278BBB-1B43-425E-B90D-037FC1EBEE2A}.Release|Any CPU.ActiveCfg = Release|Any CPU
		{90278BBB-1B43-425E-B90D-037FC1EBEE2A}.Release|Any CPU.Build.0 = Release|Any CPU
		{C39892AC-95FB-42BC-A09D-BD136DCD0A8C}.Debug|Any CPU.ActiveCfg = Debug|Any CPU
		{C39892AC-95FB-42BC-A09D-BD136DCD0A8C}.Debug|Any CPU.Build.0 = Debug|Any CPU
		{C39892AC-95FB-42BC-A09D-BD136DCD0A8C}.Release|Any CPU.ActiveCfg = Release|Any CPU
		{C39892AC-95FB-42BC-A09D-BD136DCD0A8C}.Release|Any CPU.Build.0 = Release|Any CPU
		{DD582464-D598-4BDA-9F9F-57AA0395F633}.Debug|Any CPU.ActiveCfg = Debug|Any CPU
		{DD582464-D598-4BDA-9F9F-57AA0395F633}.Debug|Any CPU.Build.0 = Debug|Any CPU
		{DD582464-D598-4BDA-9F9F-57AA0395F633}.Release|Any CPU.ActiveCfg = Release|Any CPU
		{DD582464-D598-4BDA-9F9F-57AA0395F633}.Release|Any CPU.Build.0 = Release|Any CPU
	EndGlobalSection
	GlobalSection(SolutionProperties) = preSolution
		HideSolutionNode = FALSE
	EndGlobalSection
	GlobalSection(ExtensibilityGlobals) = postSolution
		SolutionGuid = {B8B73E9E-9BF4-4B65-AA4B-EA0BF844C1D8}
	EndGlobalSection
EndGlobal
